dependencies:
- name: theia-cloud
  repository: https://ls1intum.github.io/theia-cloud-helm
  version: 1.1.0-next.1
- name: theia-certificates
  repository: file://../theia-certificates
  version: 0.1.0
- name: theia-appdefinitions
  repository: file://../theia-appdefinitions
  version: 0.1.0
- name: theia-workspace-garbage-collector
  repository: https://ls1intum.github.io/theia-workspace-garbage-collector/
  version: 0.1.0
digest: sha256:4a1dd3e8b9c47e18b24fd337a7bc02e0c591eb1ad4e2375ea7a4ce14a3c19ae2
generated: "2026-01-10T11:16:05.201105+01:00"
